
Microsoft Visual Studio Solution File, Format Version 12.00
# Visual Studio Version 17
VisualStudioVersion = 17.14.36518.9 d17.14
MinimumVisualStudioVersion = 10.0.40219.1
Project("{FAE04EC0-301F-11D3-BF4B-00C04F79EFBC}") = "Cow_Dairy_Farm", "Cow_Dairy_Farm\Cow_Dairy_Farm.csproj", "{570F981C-ED43-4D70-A9A1-33571C675B30}"
EndProject
Global
	GlobalSection(SolutionConfigurationPlatforms) = preSolution
		Debug|Any CPU = Debug|Any CPU
		Release|Any CPU = Release|Any CPU
	EndGlobalSection
	GlobalSection(ProjectConfigurationPlatforms) = postSolution
		{570F981C-ED43-4D70-A9A1-33571C675B30}.Debug|Any CPU.ActiveCfg = Debug|Any CPU
		{570F981C-ED43-4D70-A9A1-33571C675B30}.Debug|Any CPU.Build.0 = Debug|Any CPU
		{570F981C-ED43-4D70-A9A1-33571C675B30}.Release|Any CPU.ActiveCfg = Release|Any CPU
		{570F981C-ED43-4D70-A9A1-33571C675B30}.Release|Any CPU.Build.0 = Release|Any CPU
	EndGlobalSection
	GlobalSection(SolutionProperties) = preSolution
		HideSolutionNode = FALSE
	EndGlobalSection
	GlobalSection(ExtensibilityGlobals) = postSolution
		SolutionGuid = {03C698CF-4828-41EF-8003-C797FCBA1A3A}
	EndGlobalSection
EndGlobal
